
Microsoft Visual Studio Solution File, Format Version 11.00
# Visual Studio 2010
Project("{FAE04EC0-301F-11D3-BF4B-00C04F79EFBC}") = "MyGame", "MyGame\MyGame\MyGame.csproj", "{B71BE7A4-B7A5-4086-AF3E-2F844110AFD1}"
EndProject
Project("{FAE04EC0-301F-11D3-BF4B-00C04F79EFBC}") = "MyGameContent", "MyGame\MyGameContent\MyGameContent.contentproj", "{9D19B923-BE72-406B-9760-B3CBB8AA5959}"
EndProject
Project("{FAE04EC0-301F-11D3-BF4B-00C04F79EFBC}") = "XNAnimationPipeline", "XNAnimationPipeline\XNAnimationPipeline.csproj", "{863795EB-0753-4461-AF43-48F38828D8E0}"
EndProject
Project("{FAE04EC0-301F-11D3-BF4B-00C04F79EFBC}") = "XNAnimation", "XNAnimation\XNAnimation.csproj", "{2A857645-A225-4177-99BD-C8F6D22B72FA}"
EndProject
Project("{FAE04EC0-301F-11D3-BF4B-00C04F79EFBC}") = "ContentPipelineExtensions", "ContentPipelineExtensions\ContentPipelineExtensions.csproj", "{ED9C6368-E1A0-4461-B6DF-95786F1E69D1}"
EndProject
Global
	GlobalSection(SolutionConfigurationPlatforms) = preSolution
		Debug|x86 = Debug|x86
		Release|x86 = Release|x86
	EndGlobalSection
	GlobalSection(ProjectConfigurationPlatforms) = postSolution
		{B71BE7A4-B7A5-4086-AF3E-2F844110AFD1}.Debug|x86.ActiveCfg = Debug|x86
		{B71BE7A4-B7A5-4086-AF3E-2F844110AFD1}.Debug|x86.Build.0 = Debug|x86
		{B71BE7A4-B7A5-4086-AF3E-2F844110AFD1}.Release|x86.ActiveCfg = Release|x86
		{B71BE7A4-B7A5-4086-AF3E-2F844110AFD1}.Release|x86.Build.0 = Release|x86
		{9D19B923-BE72-406B-9760-B3CBB8AA5959}.Debug|x86.ActiveCfg = Debug|x86
		{9D19B923-BE72-406B-9760-B3CBB8AA5959}.Release|x86.ActiveCfg = Release|x86
		{863795EB-0753-4461-AF43-48F38828D8E0}.Debug|x86.ActiveCfg = Debug|x86
		{863795EB-0753-4461-AF43-48F38828D8E0}.Debug|x86.Build.0 = Debug|x86
		{863795EB-0753-4461-AF43-48F38828D8E0}.Release|x86.ActiveCfg = Debug|x86
		{863795EB-0753-4461-AF43-48F38828D8E0}.Release|x86.Build.0 = Debug|x86
		{2A857645-A225-4177-99BD-C8F6D22B72FA}.Debug|x86.ActiveCfg = Debug|x86
		{2A857645-A225-4177-99BD-C8F6D22B72FA}.Debug|x86.Build.0 = Debug|x86
		{2A857645-A225-4177-99BD-C8F6D22B72FA}.Release|x86.ActiveCfg = Release|x86
		{2A857645-A225-4177-99BD-C8F6D22B72FA}.Release|x86.Build.0 = Release|x86
		{ED9C6368-E1A0-4461-B6DF-95786F1E69D1}.Debug|x86.ActiveCfg = Debug|x86
		{ED9C6368-E1A0-4461-B6DF-95786F1E69D1}.Debug|x86.Build.0 = Debug|x86
		{ED9C6368-E1A0-4461-B6DF-95786F1E69D1}.Release|x86.ActiveCfg = Debug|x86
		{ED9C6368-E1A0-4461-B6DF-95786F1E69D1}.Release|x86.Build.0 = Debug|x86
	EndGlobalSection
	GlobalSection(SolutionProperties) = preSolution
		HideSolutionNode = FALSE
	EndGlobalSection
EndGlobal
